
Microsoft Visual Studio Solution File, Format Version 12.00
# Visual Studio Version 16
VisualStudioVersion = 16.0.30717.126
MinimumVisualStudioVersion = 10.0.40219.1
Project("{FAE04EC0-301F-11D3-BF4B-00C04F79EFBC}") = "Polynomial", "Polynomial.csproj", "{1A033CB7-2166-4DA1-9870-6AE1F23DA512}"
EndProject
Project("{FAE04EC0-301F-11D3-BF4B-00C04F79EFBC}") = "TestPolynomial", "TestPolynomial\TestPolynomial.csproj", "{2C784BDC-4752-4D47-9733-7A11797A0BE9}"
EndProject
Global
	GlobalSection(SolutionConfigurationPlatforms) = preSolution
		Debug|Any CPU = Debug|Any CPU
		Debug|x64 = Debug|x64
		Debug|x86 = Debug|x86
		Release|Any CPU = Release|Any CPU
		Release|x64 = Release|x64
		Release|x86 = Release|x86
	EndGlobalSection
	GlobalSection(ProjectConfigurationPlatforms) = postSolution
		{1A033CB7-2166-4DA1-9870-6AE1F23DA512}.Debug|Any CPU.ActiveCfg = Debug|Any CPU
		{1A033CB7-2166-4DA1-9870-6AE1F23DA512}.Debug|Any CPU.Build.0 = Debug|Any CPU
		{1A033CB7-2166-4DA1-9870-6AE1F23DA512}.Debug|x64.ActiveCfg = Debug|x64
		{1A033CB7-2166-4DA1-9870-6AE1F23DA512}.Debug|x64.Build.0 = Debug|x64
		{1A033CB7-2166-4DA1-9870-6AE1F23DA512}.Debug|x86.ActiveCfg = Debug|x86
		{1A033CB7-2166-4DA1-9870-6AE1F23DA512}.Debug|x86.Build.0 = Debug|x86
		{1A033CB7-2166-4DA1-9870-6AE1F23DA512}.Release|Any CPU.ActiveCfg = Release|Any CPU
		{1A033CB7-2166-4DA1-9870-6AE1F23DA512}.Release|Any CPU.Build.0 = Release|Any CPU
		{1A033CB7-2166-4DA1-9870-6AE1F23DA512}.Release|x64.ActiveCfg = Release|x64
		{1A033CB7-2166-4DA1-9870-6AE1F23DA512}.Release|x64.Build.0 = Release|x64
		{1A033CB7-2166-4DA1-9870-6AE1F23DA512}.Release|x86.ActiveCfg = Release|x86
		{1A033CB7-2166-4DA1-9870-6AE1F23DA512}.Release|x86.Build.0 = Release|x86
		{2C784BDC-4752-4D47-9733-7A11797A0BE9}.Debug|Any CPU.ActiveCfg = Debug|Any CPU
		{2C784BDC-4752-4D47-9733-7A11797A0BE9}.Debug|Any CPU.Build.0 = Debug|Any CPU
		{2C784BDC-4752-4D47-9733-7A11797A0BE9}.Debug|x64.ActiveCfg = Debug|x64
		{2C784BDC-4752-4D47-9733-7A11797A0BE9}.Debug|x64.Build.0 = Debug|x64
		{2C784BDC-4752-4D47-9733-7A11797A0BE9}.Debug|x86.ActiveCfg = Debug|x86
		{2C784BDC-4752-4D47-9733-7A11797A0BE9}.Debug|x86.Build.0 = Debug|x86
		{2C784BDC-4752-4D47-9733-7A11797A0BE9}.Release|Any CPU.ActiveCfg = Release|Any CPU
		{2C784BDC-4752-4D47-9733-7A11797A0BE9}.Release|Any CPU.Build.0 = Release|Any CPU
		{2C784BDC-4752-4D47-9733-7A11797A0BE9}.Release|x64.ActiveCfg = Release|x64
		{2C784BDC-4752-4D47-9733-7A11797A0BE9}.Release|x64.Build.0 = Release|x64
		{2C784BDC-4752-4D47-9733-7A11797A0BE9}.Release|x86.ActiveCfg = Release|x86
		{2C784BDC-4752-4D47-9733-7A11797A0BE9}.Release|x86.Build.0 = Release|x86
	EndGlobalSection
	GlobalSection(SolutionProperties) = preSolution
		HideSolutionNode = FALSE
	EndGlobalSection
	GlobalSection(ExtensibilityGlobals) = postSolution
		SolutionGuid = {9EB06D52-1A5D-451A-9596-247A897E9B97}
	EndGlobalSection
EndGlobal
